// !$*UTF8*$!
{
	archiveVersion = 1;
	classes = {
	};
	objectVersion = 48;
	objects = {

/* Begin PBXBuildFile section */
		3BB2B5A21F997C500073D887 /* AppDelegate.swift in Sources */ = {isa = PBXBuildFile; fileRef = 3BB2B5A11F997C4F0073D887 /* AppDelegate.swift */; };
		3BB2B5A41F997C500073D887 /* art.scnassets in Resources */ = {isa = PBXBuildFile; fileRef = 3BB2B5A31F997C500073D887 /* art.scnassets */; };
		3BB2B5A61F997C500073D887 /* ViewController.swift in Sources */ = {isa = PBXBuildFile; fileRef = 3BB2B5A51F997C500073D887 /* ViewController.swift */; };
		3BB2B5A91F997C500073D887 /* Main.storyboard in Resources */ = {isa = PBXBuildFile; fileRef = 3BB2B5A71F997C500073D887 /* Main.storyboard */; };
		3BB2B5AB1F997C500073D887 /* Assets.xcassets in Resources */ = {isa = PBXBuildFile; fileRef = 3BB2B5AA1F997C500073D887 /* Assets.xcassets */; };
		3BB2B5AE1F997C500073D887 /* LaunchScreen.storyboard in Resources */ = {isa = PBXBuildFile; fileRef = 3BB2B5AC1F997C500073D887 /* LaunchScreen.storyboard */; };
		3BB2B5B91F997C500073D887 /* MemARizeTests.swift in Sources */ = {isa = PBXBuildFile; fileRef = 3BB2B5B81F997C500073D887 /* MemARizeTests.swift */; };
		3BB2B5C41F997C500073D887 /* MemARizeUITests.swift in Sources */ = {isa = PBXBuildFile; fileRef = 3BB2B5C31F997C500073D887 /* MemARizeUITests.swift */; };
/* End PBXBuildFile section */

/* Begin PBXContainerItemProxy section */
		3BB2B5B51F997C500073D887 /* PBXContainerItemProxy */ = {
			isa = PBXContainerItemProxy;
			containerPortal = 3BB2B5961F997C4F0073D887 /* Project object */;
			proxyType = 1;
			remoteGlobalIDString = 3BB2B59D1F997C4F0073D887;
			remoteInfo = MemARize;
		};
		3BB2B5C01F997C500073D887 /* PBXContainerItemProxy */ = {
			isa = PBXContainerItemProxy;
			containerPortal = 3BB2B5961F997C4F0073D887 /* Project object */;
			proxyType = 1;
			remoteGlobalIDString = 3BB2B59D1F997C4F0073D887;
			remoteInfo = MemARize;
		};
/* End PBXContainerItemProxy section */

/* Begin PBXFileReference section */
		3BB2B59E1F997C4F0073D887 /* MemARize.app */ = {isa = PBXFileReference; explicitFileType = wrapper.application; includeInIndex = 0; path = MemARize.app; sourceTree = BUILT_PRODUCTS_DIR; };
		3BB2B5A11F997C4F0073D887 /* AppDelegate.swift */ = {isa = PBXFileReference; lastKnownFileType = sourcecode.swift; path = AppDelegate.swift; sourceTree = "<group>"; };
		3BB2B5A31F997C500073D887 /* art.scnassets */ = {isa = PBXFileReference; lastKnownFileType = wrapper.scnassets; path = art.scnassets; sourceTree = "<group>"; };
		3BB2B5A51F997C500073D887 /* ViewController.swift */ = {isa = PBXFileReference; lastKnownFileType = sourcecode.swift; path = ViewController.swift; sourceTree = "<group>"; };
		3BB2B5A81F997C500073D887 /* Base */ = {isa = PBXFileReference; lastKnownFileType = file.storyboard; name = Base; path = Base.lproj/Main.storyboard; sourceTree = "<group>"; };
		3BB2B5AA1F997C500073D887 /* Assets.xcassets */ = {isa = PBXFileReference; lastKnownFileType = folder.assetcatalog; path = Assets.xcassets; sourceTree = "<group>"; };
		3BB2B5AD1F997C500073D887 /* Base */ = {isa = PBXFileReference; lastKnownFileType = file.storyboard; name = Base; path = Base.lproj/LaunchScreen.storyboard; sourceTree = "<group>"; };
		3BB2B5AF1F997C500073D887 /* Info.plist */ = {isa = PBXFileReference; lastKnownFileType = text.plist.xml; path = Info.plist; sourceTree = "<group>"; };
		3BB2B5B41F997C500073D887 /* MemARizeTests.xctest */ = {isa = PBXFileReference; explicitFileType = wrapper.cfbundle; includeInIndex = 0; path = MemARizeTests.xctest; sourceTree = BUILT_PRODUCTS_DIR; };
		3BB2B5B81F997C500073D887 /* MemARizeTests.swift */ = {isa = PBXFileReference; lastKnownFileType = sourcecode.swift; path = MemARizeTests.swift; sourceTree = "<group>"; };
		3BB2B5BA1F997C500073D887 /* Info.plist */ = {isa = PBXFileReference; lastKnownFileType = text.plist.xml; path = Info.plist; sourceTree = "<group>"; };
		3BB2B5BF1F997C500073D887 /* MemARizeUITests.xctest */ = {isa = PBXFileReference; explicitFileType = wrapper.cfbundle; includeInIndex = 0; path = MemARizeUITests.xctest; sourceTree = BUILT_PRODUCTS_DIR; };
		3BB2B5C31F997C500073D887 /* MemARizeUITests.swift */ = {isa = PBXFileReference; lastKnownFileType = sourcecode.swift; path = MemARizeUITests.swift; sourceTree = "<group>"; };
		3BB2B5C51F997C500073D887 /* Info.plist */ = {isa = PBXFileReference; lastKnownFileType = text.plist.xml; path = Info.plist; sourceTree = "<group>"; };
/* End PBXFileReference section */

/* Begin PBXFrameworksBuildPhase section */
		3BB2B59B1F997C4F0073D887 /* Frameworks */ = {
			isa = PBXFrameworksBuildPhase;
			buildActionMask = 2147483647;
			files = (
			);
			runOnlyForDeploymentPostprocessing = 0;
		};
		3BB2B5B11F997C500073D887 /* Frameworks */ = {
			isa = PBXFrameworksBuildPhase;
			buildActionMask = 2147483647;
			files = (
			);
			runOnlyForDeploymentPostprocessing = 0;
		};
		3BB2B5BC1F997C500073D887 /* Frameworks */ = {
			isa = PBXFrameworksBuildPhase;
			buildActionMask = 2147483647;
			files = (
			);
			runOnlyForDeploymentPostprocessing = 0;
		};
/* End PBXFrameworksBuildPhase section */

/* Begin PBXGroup section */
		3BB2B5951F997C4F0073D887 = {
			isa = PBXGroup;
			children = (
				3BB2B5A01F997C4F0073D887 /* MemARize */,
				3BB2B5B71F997C500073D887 /* MemARizeTests */,
				3BB2B5C21F997C500073D887 /* MemARizeUITests */,
				3BB2B59F1F997C4F0073D887 /* Products */,
			);
			sourceTree = "<group>";
		};
		3BB2B59F1F997C4F0073D887 /* Products */ = {
			isa = PBXGroup;
			children = (
				3BB2B59E1F997C4F0073D887 /* MemARize.app */,
				3BB2B5B41F997C500073D887 /* MemARizeTests.xctest */,
				3BB2B5BF1F997C500073D887 /* MemARizeUITests.xctest */,
			);
			name = Products;
			sourceTree = "<group>";
		};
		3BB2B5A01F997C4F0073D887 /* MemARize */ = {
			isa = PBXGroup;
			children = (
				3BB2B5A11F997C4F0073D887 /* AppDelegate.swift */,
				3BB2B5A31F997C500073D887 /* art.scnassets */,
				3BB2B5A51F997C500073D887 /* ViewController.swift */,
				3BB2B5A71F997C500073D887 /* Main.storyboard */,
				3BB2B5AA1F997C500073D887 /* Assets.xcassets */,
				3BB2B5AC1F997C500073D887 /* LaunchScreen.storyboard */,
				3BB2B5AF1F997C500073D887 /* Info.plist */,
			);
			path = MemARize;
			sourceTree = "<group>";
		};
		3BB2B5B71F997C500073D887 /* MemARizeTests */ = {
			isa = PBXGroup;
			children = (
				3BB2B5B81F997C500073D887 /* MemARizeTests.swift */,
				3BB2B5BA1F997C500073D887 /* Info.plist */,
			);
			path = MemARizeTests;
			sourceTree = "<group>";
		};
		3BB2B5C21F997C500073D887 /* MemARizeUITests */ = {
			isa = PBXGroup;
			children = (
				3BB2B5C31F997C500073D887 /* MemARizeUITests.swift */,
				3BB2B5C51F997C500073D887 /* Info.plist */,
			);
			path = MemARizeUITests;
			sourceTree = "<group>";
		};
/* End PBXGroup section */

/* Begin PBXNativeTarget section */
		3BB2B59D1F997C4F0073D887 /* MemARize */ = {
			isa = PBXNativeTarget;
			buildConfigurationList = 3BB2B5C81F997C500073D887 /* Build configuration list for PBXNativeTarget "MemARize" */;
			buildPhases = (
				3BB2B59A1F997C4F0073D887 /* Sources */,
				3BB2B59B1F997C4F0073D887 /* Frameworks */,
				3BB2B59C1F997C4F0073D887 /* Resources */,
			);
			buildRules = (
			);
			dependencies = (
			);
			name = MemARize;
			productName = MemARize;
			productReference = 3BB2B59E1F997C4F0073D887 /* MemARize.app */;
			productType = "com.apple.product-type.application";
		};
		3BB2B5B31F997C500073D887 /* MemARizeTests */ = {
			isa = PBXNativeTarget;
			buildConfigurationList = 3BB2B5CB1F997C500073D887 /* Build configuration list for PBXNativeTarget "MemARizeTests" */;
			buildPhases = (
				3BB2B5B01F997C500073D887 /* Sources */,
				3BB2B5B11F997C500073D887 /* Frameworks */,
				3BB2B5B21F997C500073D887 /* Resources */,
			);
			buildRules = (
			);
			dependencies = (
				3BB2B5B61F997C500073D887 /* PBXTargetDependency */,
			);
			name = MemARizeTests;
			productName = MemARizeTests;
			productReference = 3BB2B5B41F997C500073D887 /* MemARizeTests.xctest */;
			productType = "com.apple.product-type.bundle.unit-test";
		};
		3BB2B5BE1F997C500073D887 /* MemARizeUITests */ = {
			isa = PBXNativeTarget;
			buildConfigurationList = 3BB2B5CE1F997C500073D887 /* Build configuration list for PBXNativeTarget "MemARizeUITests" */;
			buildPhases = (
				3BB2B5BB1F997C500073D887 /* Sources */,
				3BB2B5BC1F997C500073D887 /* Frameworks */,
				3BB2B5BD1F997C500073D887 /* Resources */,
			);
			buildRules = (
			);
			dependencies = (
				3BB2B5C11F997C500073D887 /* PBXTargetDependency */,
			);
			name = MemARizeUITests;
			productName = MemARizeUITests;
			productReference = 3BB2B5BF1F997C500073D887 /* MemARizeUITests.xctest */;
			productType = "com.apple.product-type.bundle.ui-testing";
		};
/* End PBXNativeTarget section */

/* Begin PBXProject section */
		3BB2B5961F997C4F0073D887 /* Project object */ = {
			isa = PBXProject;
			attributes = {
				LastSwiftUpdateCheck = 0900;
				LastUpgradeCheck = 0900;
				ORGANIZATIONNAME = DeepBlue;
				TargetAttributes = {
					3BB2B59D1F997C4F0073D887 = {
						CreatedOnToolsVersion = 9.0.1;
						ProvisioningStyle = Automatic;
					};
					3BB2B5B31F997C500073D887 = {
						CreatedOnToolsVersion = 9.0.1;
						ProvisioningStyle = Automatic;
						TestTargetID = 3BB2B59D1F997C4F0073D887;
					};
					3BB2B5BE1F997C500073D887 = {
						CreatedOnToolsVersion = 9.0.1;
						ProvisioningStyle = Automatic;
						TestTargetID = 3BB2B59D1F997C4F0073D887;
					};
				};
			};
			buildConfigurationList = 3BB2B5991F997C4F0073D887 /* Build configuration list for PBXProject "MemARize" */;
			compatibilityVersion = "Xcode 8.0";
			developmentRegion = en;
			hasScannedForEncodings = 0;
			knownRegions = (
				en,
				Base,
			);
			mainGroup = 3BB2B5951F997C4F0073D887;
			productRefGroup = 3BB2B59F1F997C4F0073D887 /* Products */;
			projectDirPath = "";
			projectRoot = "";
			targets = (
				3BB2B59D1F997C4F0073D887 /* MemARize */,
				3BB2B5B31F997C500073D887 /* MemARizeTests */,
				3BB2B5BE1F997C500073D887 /* MemARizeUITests */,
			);
		};
/* End PBXProject section */

/* Begin PBXResourcesBuildPhase section */
		3BB2B59C1F997C4F0073D887 /* Resources */ = {
			isa = PBXResourcesBuildPhase;
			buildActionMask = 2147483647;
			files = (
				3BB2B5A41F997C500073D887 /* art.scnassets in Resources */,
				3BB2B5AE1F997C500073D887 /* LaunchScreen.storyboard in Resources */,
				3BB2B5AB1F997C500073D887 /* Assets.xcassets in Resources */,
				3BB2B5A91F997C500073D887 /* Main.storyboard in Resources */,
			);
			runOnlyForDeploymentPostprocessing = 0;
		};
		3BB2B5B21F997C500073D887 /* Resources */ = {
			isa = PBXResourcesBuildPhase;
			buildActionMask = 2147483647;
			files = (
			);
			runOnlyForDeploymentPostprocessing = 0;
		};
		3BB2B5BD1F997C500073D887 /* Resources */ = {
			isa = PBXResourcesBuildPhase;
			buildActionMask = 2147483647;
			files = (
			);
			runOnlyForDeploymentPostprocessing = 0;
		};
/* End PBXResourcesBuildPhase section */

/* Begin PBXSourcesBuildPhase section */
		3BB2B59A1F997C4F0073D887 /* Sources */ = {
			isa = PBXSourcesBuildPhase;
			buildActionMask = 2147483647;
			files = (
				3BB2B5A61F997C500073D887 /* ViewController.swift in Sources */,
				3BB2B5A21F997C500073D887 /* AppDelegate.swift in Sources */,
			);
			runOnlyForDeploymentPostprocessing = 0;
		};
		3BB2B5B01F997C500073D887 /* Sources */ = {
			isa = PBXSourcesBuildPhase;
			buildActionMask = 2147483647;
			files = (
				3BB2B5B91F997C500073D887 /* MemARizeTests.swift in Sources */,
			);
			runOnlyForDeploymentPostprocessing = 0;
		};
		3BB2B5BB1F997C500073D887 /* Sources */ = {
			isa = PBXSourcesBuildPhase;
			buildActionMask = 2147483647;
			files = (
				3BB2B5C41F997C500073D887 /* MemARizeUITests.swift in Sources */,
			);
			runOnlyForDeploymentPostprocessing = 0;
		};
/* End PBXSourcesBuildPhase section */

/* Begin PBXTargetDependency section */
		3BB2B5B61F997C500073D887 /* PBXTargetDependency */ = {
			isa = PBXTargetDependency;
			target = 3BB2B59D1F997C4F0073D887 /* MemARize */;
			targetProxy = 3BB2B5B51F997C500073D887 /* PBXContainerItemProxy */;
		};
		3BB2B5C11F997C500073D887 /* PBXTargetDependency */ = {
			isa = PBXTargetDependency;
			target = 3BB2B59D1F997C4F0073D887 /* MemARize */;
			targetProxy = 3BB2B5C01F997C500073D887 /* PBXContainerItemProxy */;
		};
/* End PBXTargetDependency section */

/* Begin PBXVariantGroup section */
		3BB2B5A71F997C500073D887 /* Main.storyboard */ = {
			isa = PBXVariantGroup;
			children = (
				3BB2B5A81F997C500073D887 /* Base */,
			);
			name = Main.storyboard;
			sourceTree = "<group>";
		};
		3BB2B5AC1F997C500073D887 /* LaunchScreen.storyboard */ = {
			isa = PBXVariantGroup;
			children = (
				3BB2B5AD1F997C500073D887 /* Base */,
			);
			name = LaunchScreen.storyboard;
			sourceTree = "<group>";
		};
/* End PBXVariantGroup section */

/* Begin XCBuildConfiguration section */
		3BB2B5C61F997C500073D887 /* Debug */ = {
			isa = XCBuildConfiguration;
			buildSettings = {
				ALWAYS_SEARCH_USER_PATHS = NO;
				CLANG_ANALYZER_NONNULL = YES;
				CLANG_ANALYZER_NUMBER_OBJECT_CONVERSION = YES_AGGRESSIVE;
				CLANG_CXX_LANGUAGE_STANDARD = "gnu++14";
				CLANG_CXX_LIBRARY = "libc++";
				CLANG_ENABLE_MODULES = YES;
				CLANG_ENABLE_OBJC_ARC = YES;
				CLANG_WARN_BLOCK_CAPTURE_AUTORELEASING = YES;
				CLANG_WARN_BOOL_CONVERSION = YES;
				CLANG_WARN_COMMA = YES;
				CLANG_WARN_CONSTANT_CONVERSION = YES;
				CLANG_WARN_DIRECT_OBJC_ISA_USAGE = YES_ERROR;
				CLANG_WARN_DOCUMENTATION_COMMENTS = YES;
				CLANG_WARN_EMPTY_BODY = YES;
				CLANG_WARN_ENUM_CONVERSION = YES;
				CLANG_WARN_INFINITE_RECURSION = YES;
				CLANG_WARN_INT_CONVERSION = YES;
				CLANG_WARN_NON_LITERAL_NULL_CONVERSION = YES;
				CLANG_WARN_OBJC_LITERAL_CONVERSION = YES;
				CLANG_WARN_OBJC_ROOT_CLASS = YES_ERROR;
				CLANG_WARN_RANGE_LOOP_ANALYSIS = YES;
				CLANG_WARN_STRICT_PROTOTYPES = YES;
				CLANG_WARN_SUSPICIOUS_MOVE = YES;
				CLANG_WARN_UNGUARDED_AVAILABILITY = YES_AGGRESSIVE;
				CLANG_WARN_UNREACHABLE_CODE = YES;
				CLANG_WARN__DUPLICATE_METHOD_MATCH = YES;
				CODE_SIGN_IDENTITY = "iPhone Developer";
				COPY_PHASE_STRIP = NO;
				DEBUG_INFORMATION_FORMAT = dwarf;
				ENABLE_STRICT_OBJC_MSGSEND = YES;
				ENABLE_TESTABILITY = YES;
				GCC_C_LANGUAGE_STANDARD = gnu11;
				GCC_DYNAMIC_NO_PIC = NO;
				GCC_NO_COMMON_BLOCKS = YES;
				GCC_OPTIMIZATION_LEVEL = 0;
				GCC_PREPROCESSOR_DEFINITIONS = (
					"DEBUG=1",
					"$(inherited)",
				);
				GCC_WARN_64_TO_32_BIT_CONVERSION = YES;
				GCC_WARN_ABOUT_RETURN_TYPE = YES_ERROR;
				GCC_WARN_UNDECLARED_SELECTOR = YES;
				GCC_WARN_UNINITIALIZED_AUTOS = YES_AGGRESSIVE;
				GCC_WARN_UNUSED_FUNCTION = YES;
				GCC_WARN_UNUSED_VARIABLE = YES;
				IPHONEOS_DEPLOYMENT_TARGET = 11.0;
				MTL_ENABLE_DEBUG_INFO = YES;
				ONLY_ACTIVE_ARCH = YES;
				SDKROOT = iphoneos;
				SWIFT_ACTIVE_COMPILATION_CONDITIONS = DEBUG;
				SWIFT_OPTIMIZATION_LEVEL = "-Onone";
			};
			name = Debug;
		};
		3BB2B5C71F997C500073D887 /* Release */ = {
			isa = XCBuildConfiguration;
			buildSettings = {
				ALWAYS_SEARCH_USER_PATHS = NO;
				CLANG_ANALYZER_NONNULL = YES;
				CLANG_ANALYZER_NUMBER_OBJECT_CONVERSION = YES_AGGRESSIVE;
				CLANG_CXX_LANGUAGE_STANDARD = "gnu++14";
				CLANG_CXX_LIBRARY = "libc++";
				CLANG_ENABLE_MODULES = YES;
				CLANG_ENABLE_OBJC_ARC = YES;
				CLANG_WARN_BLOCK_CAPTURE_AUTORELEASING = YES;
				CLANG_WARN_BOOL_CONVERSION = YES;
				CLANG_WARN_COMMA = YES;
				CLANG_WARN_CONSTANT_CONVERSION = YES;
				CLANG_WARN_DIRECT_OBJC_ISA_USAGE = YES_ERROR;
				CLANG_WARN_DOCUMENTATION_COMMENTS = YES;
				CLANG_WARN_EMPTY_BODY = YES;
				CLANG_WARN_ENUM_CONVERSION = YES;
				CLANG_WARN_INFINITE_RECURSION = YES;
				CLANG_WARN_INT_CONVERSION = YES;
				CLANG_WARN_NON_LITERAL_NULL_CONVERSION = YES;
				CLANG_WARN_OBJC_LITERAL_CONVERSION = YES;
				CLANG_WARN_OBJC_ROOT_CLASS = YES_ERROR;
				CLANG_WARN_RANGE_LOOP_ANALYSIS = YES;
				CLANG_WARN_STRICT_PROTOTYPES = YES;
				CLANG_WARN_SUSPICIOUS_MOVE = YES;
				CLANG_WARN_UNGUARDED_AVAILABILITY = YES_AGGRESSIVE;
				CLANG_WARN_UNREACHABLE_CODE = YES;
				CLANG_WARN__DUPLICATE_METHOD_MATCH = YES;
				CODE_SIGN_IDENTITY = "iPhone Developer";
				COPY_PHASE_STRIP = NO;
				DEBUG_INFORMATION_FORMAT = "dwarf-with-dsym";
				ENABLE_NS_ASSERTIONS = NO;
				ENABLE_STRICT_OBJC_MSGSEND = YES;
				GCC_C_LANGUAGE_STANDARD = gnu11;
				GCC_NO_COMMON_BLOCKS = YES;
				GCC_WARN_64_TO_32_BIT_CONVERSION = YES;
				GCC_WARN_ABOUT_RETURN_TYPE = YES_ERROR;
				GCC_WARN_UNDECLARED_SELECTOR = YES;
				GCC_WARN_UNINITIALIZED_AUTOS = YES_AGGRESSIVE;
				GCC_WARN_UNUSED_FUNCTION = YES;
				GCC_WARN_UNUSED_VARIABLE = YES;
				IPHONEOS_DEPLOYMENT_TARGET = 11.0;
				MTL_ENABLE_DEBUG_INFO = NO;
				SDKROOT = iphoneos;
				SWIFT_OPTIMIZATION_LEVEL = "-Owholemodule";
				VALIDATE_PRODUCT = YES;
			};
			name = Release;
		};
		3BB2B5C91F997C500073D887 /* Debug */ = {
			isa = XCBuildConfiguration;
			buildSettings = {
				ASSETCATALOG_COMPILER_APPICON_NAME = AppIcon;
				CODE_SIGN_STYLE = Automatic;
				DEVELOPMENT_TEAM = Q443KXN5V7;
				INFOPLIST_FILE = MemARize/Info.plist;
				LD_RUNPATH_SEARCH_PATHS = "$(inherited) @executable_path/Frameworks";
				PRODUCT_BUNDLE_IDENTIFIER = com.DeepBlue.MemARize;
				PRODUCT_NAME = "$(TARGET_NAME)";
				SWIFT_VERSION = 4.0;
				TARGETED_DEVICE_FAMILY = "1,2";
			};
			name = Debug;
		};
		3BB2B5CA1F997C500073D887 /* Release */ = {
			isa = XCBuildConfiguration;
			buildSettings = {
				ASSETCATALOG_COMPILER_APPICON_NAME = AppIcon;
				CODE_SIGN_STYLE = Automatic;
				DEVELOPMENT_TEAM = Q443KXN5V7;
				INFOPLIST_FILE = MemARize/Info.plist;
				LD_RUNPATH_SEARCH_PATHS = "$(inherited) @executable_path/Frameworks";
				PRODUCT_BUNDLE_IDENTIFIER = com.DeepBlue.MemARize;
				PRODUCT_NAME = "$(TARGET_NAME)";
				SWIFT_VERSION = 4.0;
				TARGETED_DEVICE_FAMILY = "1,2";
			};
			name = Release;
		};
		3BB2B5CC1F997C500073D887 /* Debug */ = {
			isa = XCBuildConfiguration;
			buildSettings = {
				ALWAYS_EMBED_SWIFT_STANDARD_LIBRARIES = YES;
				BUNDLE_LOADER = "$(TEST_HOST)";
				CODE_SIGN_STYLE = Automatic;
				DEVELOPMENT_TEAM = Q443KXN5V7;
				INFOPLIST_FILE = MemARizeTests/Info.plist;
				LD_RUNPATH_SEARCH_PATHS = "$(inherited) @executable_path/Frameworks @loader_path/Frameworks";
				PRODUCT_BUNDLE_IDENTIFIER = com.DeepBlue.MemARizeTests;
				PRODUCT_NAME = "$(TARGET_NAME)";
				SWIFT_VERSION = 4.0;
				TARGETED_DEVICE_FAMILY = "1,2";
				TEST_HOST = "$(BUILT_PRODUCTS_DIR)/MemARize.app/MemARize";
			};
			name = Debug;
		};
		3BB2B5CD1F997C500073D887 /* Release */ = {
			isa = XCBuildConfiguration;
			buildSettings = {
				ALWAYS_EMBED_SWIFT_STANDARD_LIBRARIES = YES;
				BUNDLE_LOADER = "$(TEST_HOST)";
				CODE_SIGN_STYLE = Automatic;
				DEVELOPMENT_TEAM = Q443KXN5V7;
				INFOPLIST_FILE = MemARizeTests/Info.plist;
				LD_RUNPATH_SEARCH_PATHS = "$(inherited) @executable_path/Frameworks @loader_path/Frameworks";
				PRODUCT_BUNDLE_IDENTIFIER = com.DeepBlue.MemARizeTests;
				PRODUCT_NAME = "$(TARGET_NAME)";
				SWIFT_VERSION = 4.0;
				TARGETED_DEVICE_FAMILY = "1,2";
				TEST_HOST = "$(BUILT_PRODUCTS_DIR)/MemARize.app/MemARize";
			};
			name = Release;
		};
		3BB2B5CF1F997C500073D887 /* Debug */ = {
			isa = XCBuildConfiguration;
			buildSettings = {
				ALWAYS_EMBED_SWIFT_STANDARD_LIBRARIES = YES;
				CODE_SIGN_STYLE = Automatic;
				DEVELOPMENT_TEAM = Q443KXN5V7;
				INFOPLIST_FILE = MemARizeUITests/Info.plist;
				LD_RUNPATH_SEARCH_PATHS = "$(inherited) @executable_path/Frameworks @loader_path/Frameworks";
				PRODUCT_BUNDLE_IDENTIFIER = com.DeepBlue.MemARizeUITests;
				PRODUCT_NAME = "$(TARGET_NAME)";
				SWIFT_VERSION = 4.0;
				TARGETED_DEVICE_FAMILY = "1,2";
				TEST_TARGET_NAME = MemARize;
			};
			name = Debug;
		};
		3BB2B5D01F997C500073D887 /* Release */ = {
			isa = XCBuildConfiguration;
			buildSettings = {
				ALWAYS_EMBED_SWIFT_STANDARD_LIBRARIES = YES;
				CODE_SIGN_STYLE = Automatic;
				DEVELOPMENT_TEAM = Q443KXN5V7;
				INFOPLIST_FILE = MemARizeUITests/Info.plist;
				LD_RUNPATH_SEARCH_PATHS = "$(inherited) @executable_path/Frameworks @loader_path/Frameworks";
				PRODUCT_BUNDLE_IDENTIFIER = com.DeepBlue.MemARizeUITests;
				PRODUCT_NAME = "$(TARGET_NAME)";
				SWIFT_VERSION = 4.0;
				TARGETED_DEVICE_FAMILY = "1,2";
				TEST_TARGET_NAME = MemARize;
			};
			name = Release;
		};
/* End XCBuildConfiguration section */

/* Begin XCConfigurationList section */
		3BB2B5991F997C4F0073D887 /* Build configuration list for PBXProject "MemARize" */ = {
			isa = XCConfigurationList;
			buildConfigurations = (
				3BB2B5C61F997C500073D887 /* Debug */,
				3BB2B5C71F997C500073D887 /* Release */,
			);
			defaultConfigurationIsVisible = 0;
			defaultConfigurationName = Release;
		};
		3BB2B5C81F997C500073D887 /* Build configuration list for PBXNativeTarget "MemARize" */ = {
			isa = XCConfigurationList;
			buildConfigurations = (
				3BB2B5C91F997C500073D887 /* Debug */,
				3BB2B5CA1F997C500073D887 /* Release */,
			);
			defaultConfigurationIsVisible = 0;
			defaultConfigurationName = Release;
		};
		3BB2B5CB1F997C500073D887 /* Build configuration list for PBXNativeTarget "MemARizeTests" */ = {
			isa = XCConfigurationList;
			buildConfigurations = (
				3BB2B5CC1F997C500073D887 /* Debug */,
				3BB2B5CD1F997C500073D887 /* Release */,
			);
			defaultConfigurationIsVisible = 0;
			defaultConfigurationName = Release;
		};
		3BB2B5CE1F997C500073D887 /* Build configuration list for PBXNativeTarget "MemARizeUITests" */ = {
			isa = XCConfigurationList;
			buildConfigurations = (
				3BB2B5CF1F997C500073D887 /* Debug */,
				3BB2B5D01F997C500073D887 /* Release */,
			);
			defaultConfigurationIsVisible = 0;
			defaultConfigurationName = Release;
		};
/* End XCConfigurationList section */
	};
	rootObject = 3BB2B5961F997C4F0073D887 /* Project object */;
}
